# This file is automatically @generated by Cargo.
# It is not intended for manual editing.
version = 3

[[package]]
name = "tuiman"
version = "0.1.0"
dependencies = [
 "tuiman-index",
]

[[package]]
name = "tuiman-index"
version = "0.1.0"

[[package]]
name = "tuiman-indexer"
version = "0.1.0"
dependencies = [
 "tuiman-index",
]
